
Microsoft Visual Studio Solution File, Format Version 12.00
# Visual Studio Version 16
VisualStudioVersion = 16.0.31129.286
MinimumVisualStudioVersion = 10.0.40219.1
Project("{888888A0-9F3D-457C-B088-3A5042F75D52}") = "utfangames", "utfangames\utfangames.pyproj", "{995F7AC4-5313-413E-9413-0420A846F0FD}"
EndProject
Global
	GlobalSection(SolutionConfigurationPlatforms) = preSolution
		Debug|Any CPU = Debug|Any CPU
		Release|Any CPU = Release|Any CPU
	EndGlobalSection
	GlobalSection(ProjectConfigurationPlatforms) = postSolution
		{995F7AC4-5313-413E-9413-0420A846F0FD}.Debug|Any CPU.ActiveCfg = Debug|Any CPU
		{995F7AC4-5313-413E-9413-0420A846F0FD}.Debug|Any CPU.Build.0 = Debug|Any CPU
		{995F7AC4-5313-413E-9413-0420A846F0FD}.Release|Any CPU.ActiveCfg = Release|Any CPU
		{995F7AC4-5313-413E-9413-0420A846F0FD}.Release|Any CPU.Build.0 = Release|Any CPU
	EndGlobalSection
	GlobalSection(SolutionProperties) = preSolution
		HideSolutionNode = FALSE
	EndGlobalSection
	GlobalSection(ExtensibilityGlobals) = postSolution
		SolutionGuid = {746E1ACE-C4E7-46C1-A9CA-D60A16504D93}
	EndGlobalSection
EndGlobal
